
Microsoft Visual Studio Solution File, Format Version 12.00
# Visual Studio Version 17
VisualStudioVersion = 17.4.33103.184
MinimumVisualStudioVersion = 10.0.40219.1
Project("{54A90642-561A-4BB1-A94E-469ADEE60C69}") = "personal-website", "personal-website.esproj", "{9A09B474-1063-4F68-A798-AF0751B92058}"
EndProject
Global
	GlobalSection(SolutionConfigurationPlatforms) = preSolution
		Debug|Any CPU = Debug|Any CPU
		Release|Any CPU = Release|Any CPU
	EndGlobalSection
	GlobalSection(ProjectConfigurationPlatforms) = postSolution
		{9A09B474-1063-4F68-A798-AF0751B92058}.Debug|Any CPU.ActiveCfg = Debug|Any CPU
		{9A09B474-1063-4F68-A798-AF0751B92058}.Debug|Any CPU.Build.0 = Debug|Any CPU
		{9A09B474-1063-4F68-A798-AF0751B92058}.Debug|Any CPU.Deploy.0 = Debug|Any CPU
		{9A09B474-1063-4F68-A798-AF0751B92058}.Release|Any CPU.ActiveCfg = Release|Any CPU
		{9A09B474-1063-4F68-A798-AF0751B92058}.Release|Any CPU.Build.0 = Release|Any CPU
		{9A09B474-1063-4F68-A798-AF0751B92058}.Release|Any CPU.Deploy.0 = Release|Any CPU
	EndGlobalSection
	GlobalSection(SolutionProperties) = preSolution
		HideSolutionNode = FALSE
	EndGlobalSection
	GlobalSection(ExtensibilityGlobals) = postSolution
		SolutionGuid = {DB38A83F-518C-4217-8104-1765771077CB}
	EndGlobalSection
EndGlobal
